{
  "requires": true,
  "lockfileVersion": 1,
  "dependencies": {
    "chartjs": {
      "version": "0.3.24",
      "resolved": "https://registry.npmjs.org/chartjs/-/chartjs-0.3.24.tgz",
      "integrity": "sha1-Ot3rWuNgaz6J40bCfVLKFYQW6T0="
    },
    "react-chartjs": {
      "version": "0.8.0",
      "resolved": "https://registry.npmjs.org/react-chartjs/-/react-chartjs-0.8.0.tgz",
      "integrity": "sha1-1BOGs9PL/vkAP1plXn6kikn7+hk="
    }
  }
}
